{
  "name": "pixi5-svg",
  "version": "0.1.9",
  "lockfileVersion": 1,
  "requires": true,
  "dependencies": {
    "@pixi/accessibility": {
      "version": "5.1.1",
      "resolved": "https://registry.npmjs.org/@pixi/accessibility/-/accessibility-5.1.1.tgz",
      "integrity": "sha512-2/tVkcnocauIWg3eCBLKp7O8sXjkq2MbAtYSo1NhtdDsjPELVSEjqSyEkfXvp95iEQEM/k2Gomg3kDemkvlksQ==",
      "requires": {
        "@pixi/core": "^5.1.1",
        "@pixi/display": "^5.1.1",
        "@pixi/utils": "^5.1.1"
      }
    },
    "@pixi/app": {
      "version": "5.1.1",
      "resolved": "https://registry.npmjs.org/@pixi/app/-/app-5.1.1.tgz",
      "integrity": "sha512-LayaFW+nd00rDhemP6JlbNk9AZBILuxRNxf/RRm87hKWbpToKtNr/Z9rP5WdKaYWnD9aGjEzP/HA12TiDjviBA==",
      "requires": {
        "@pixi/core": "^5.1.1",
        "@pixi/display": "^5.1.1"
      }
    },
    "@pixi/constants": {
      "version": "5.1.0",
      "resolved": "https://registry.npmjs.org/@pixi/constants/-/constants-5.1.0.tgz",
      "integrity": "sha512-86cogDvjF9yNvmxeizwkIhA0Kl2z3gUSWMf2daYx903dzyje7fwkzRrKLnqDUn6vSAxRXiska0DMJhwYsIC29w=="
    },
    "@pixi/core": {
      "version": "5.1.1",
      "resolved": "https://registry.npmjs.org/@pixi/core/-/core-5.1.1.tgz",
      "integrity": "sha512-VSWMUhK4ZM66/i+0IjEOIKm+4jDDvunFsaOF99LTq3vk1MqsuMxzibyowylu/Roy5mdtscK6tV9cbt/Pyvzs0w==",
      "requires": {
        "@pixi/constants": "^5.1.0",
        "@pixi/display": "^5.1.1",
        "@pixi/math": "^5.1.0",
        "@pixi/runner": "^5.1.1",
        "@pixi/settings": "^5.1.1",
        "@pixi/ticker": "^5.1.1",
        "@pixi/utils": "^5.1.1"
      }
    },
    "@pixi/display": {
      "version": "5.1.1",
      "resolved": "https://registry.npmjs.org/@pixi/display/-/display-5.1.1.tgz",
      "integrity": "sha512-ncHqtV5Cx+kf4191sR74w248F+Y/O4CPH/kBt0GdNIotoLrZYETxEBfN94NWTV02182HKoe3jznv/VChbQO+Kw==",
      "requires": {
        "@pixi/math": "^5.1.0",
        "@pixi/settings": "^5.1.1",
        "@pixi/utils": "^5.1.1"
      }
    },
    "@pixi/extract": {
      "version": "5.1.1",
      "resolved": "https://registry.npmjs.org/@pixi/extract/-/extract-5.1.1.tgz",
      "integrity": "sha512-9uQ+Ht2xX/xtbtO6YtKW5bmK078JfKb6atO0hH4I9p5/Sdh2qGJr44nk8R7fCvaKeCPh/xAImegwpYDVa8+BGA==",
      "requires": {
        "@pixi/core": "^5.1.1",
        "@pixi/math": "^5.1.0",
        "@pixi/utils": "^5.1.1"
      }
    },
    "@pixi/filter-alpha": {
      "version": "5.1.1",
      "resolved": "https://registry.npmjs.org/@pixi/filter-alpha/-/filter-alpha-5.1.1.tgz",
      "integrity": "sha512-xcafkLNCMnmKLoC9+zMlLgqQoyAmYu+QoBbLx8oMWlAhvd7ajv/gIYm8C/xyAS+Lg2kSf+SZp5u5MCfNQL8YjA==",
      "requires": {
        "@pixi/core": "^5.1.1"
      }
    },
    "@pixi/filter-blur": {
      "version": "5.1.1",
      "resolved": "https://registry.npmjs.org/@pixi/filter-blur/-/filter-blur-5.1.1.tgz",
      "integrity": "sha512-zVDJS7diN+ZbJtMzWD9mqfjo29XP4oo/EIqvFUVLExTCXaaLq/eDoRt77/VPaU0icrfVUOPPDHvCM5au20sgEA==",
      "requires": {
        "@pixi/core": "^5.1.1",
        "@pixi/settings": "^5.1.1"
      }
    },
    "@pixi/filter-color-matrix": {
      "version": "5.1.1",
      "resolved": "https://registry.npmjs.org/@pixi/filter-color-matrix/-/filter-color-matrix-5.1.1.tgz",
      "integrity": "sha512-Rb+QSMvbs/TjrydSCwkQohXP14ej8Nl+WLcSnXGzDjnKPZc51xXEfkMqRNK1HJ/SWTTx/Py4MKRyCAW1P2bZeA==",
      "requires": {
        "@pixi/core": "^5.1.1"
      }
    },
    "@pixi/filter-displacement": {
      "version": "5.1.1",
      "resolved": "https://registry.npmjs.org/@pixi/filter-displacement/-/filter-displacement-5.1.1.tgz",
      "integrity": "sha512-ymDV6WM544T3Fknihfu3c18qZ/d/PAumcdoZYpt5ry3x7N54g2ondSnTY4CE/VLXYUPmgCH77GEIs6d8KlyTRw==",
      "requires": {
        "@pixi/core": "^5.1.1",
        "@pixi/math": "^5.1.0"
      }
    },
    "@pixi/filter-fxaa": {
      "version": "5.1.1",
      "resolved": "https://registry.npmjs.org/@pixi/filter-fxaa/-/filter-fxaa-5.1.1.tgz",
      "integrity": "sha512-r31BgusOlWER72kFWg0dWRQd2LlKMpnE5kBAd5NISkYf5f/dow2ZmekEnh8KEOE6oFut6Dh8BhTjZqcUCHVX+A==",
      "requires": {
        "@pixi/core": "^5.1.1"
      }
    },
    "@pixi/filter-noise": {
      "version": "5.1.1",
      "resolved": "https://registry.npmjs.org/@pixi/filter-noise/-/filter-noise-5.1.1.tgz",
      "integrity": "sha512-zhondEfXgNHJJCANRNvB6Nne73jejsL/bU2wAasR/MOo0o7gtsuvig6ivRcRpsqneVkXxrJRYX4hORdtCDP22g==",
      "requires": {
        "@pixi/core": "^5.1.1"
      }
    },
    "@pixi/graphics": {
      "version": "5.1.1",
      "resolved": "https://registry.npmjs.org/@pixi/graphics/-/graphics-5.1.1.tgz",
      "integrity": "sha512-iU/MJ7MLn4NRF/0QsGymdziolGeVxO8VfyPi69uC2YeSjsgY2SVrIRRNjdsjPlDceLGkUx2gNVa8IGU+Mosjpg==",
      "requires": {
        "@pixi/constants": "^5.1.0",
        "@pixi/core": "^5.1.1",
        "@pixi/display": "^5.1.1",
        "@pixi/math": "^5.1.0",
        "@pixi/sprite": "^5.1.1",
        "@pixi/utils": "^5.1.1"
      }
    },
    "@pixi/interaction": {
      "version": "5.1.1",
      "resolved": "https://registry.npmjs.org/@pixi/interaction/-/interaction-5.1.1.tgz",
      "integrity": "sha512-7VvnXt/7dUlkNxqGkkh8lEgBPuJRz5h80sTMpz7Sq8os2hE6jDEwfNdlQdiOzUORc5gQyJju0wkwRg4yXpNQuQ==",
      "requires": {
        "@pixi/core": "^5.1.1",
        "@pixi/display": "^5.1.1",
        "@pixi/math": "^5.1.0",
        "@pixi/ticker": "^5.1.1",
        "@pixi/utils": "^5.1.1"
      }
    },
    "@pixi/loaders": {
      "version": "5.1.1",
      "resolved": "https://registry.npmjs.org/@pixi/loaders/-/loaders-5.1.1.tgz",
      "integrity": "sha512-5kGv7wRBJRZwV6voRpOUo1fQs2ZqFrWHa3e12cMaetWENzZdYsosLuo03MHHvBFwoWg+htBLOEnvuUiF/4hKxg==",
      "requires": {
        "@pixi/core": "^5.1.1",
        "@pixi/utils": "^5.1.1",
        "resource-loader": "^3.0.1"
      }
    },
    "@pixi/math": {
      "version": "5.1.0",
      "resolved": "https://registry.npmjs.org/@pixi/math/-/math-5.1.0.tgz",
      "integrity": "sha512-Vf9W4SgYRRQMdSq8tFViKKKGCU3iklf0RDzd+wzp4gezOxe3m0PLB7XKwvVrP1hRjUh49zIAL9JBpYREPS1EMw=="
    },
    "@pixi/mesh": {
      "version": "5.1.1",
      "resolved": "https://registry.npmjs.org/@pixi/mesh/-/mesh-5.1.1.tgz",
      "integrity": "sha512-mCPZI184rSgatI44yGPK0X6oDJTqCGiZlwH4EOwmcbRd3osmzbV0PRZFKVzPZmS8QTlPfhyz1uWoBsZy+pJxmA==",
      "requires": {
        "@pixi/constants": "^5.1.0",
        "@pixi/core": "^5.1.1",
        "@pixi/display": "^5.1.1",
        "@pixi/math": "^5.1.0",
        "@pixi/settings": "^5.1.1",
        "@pixi/utils": "^5.1.1"
      }
    },
    "@pixi/mesh-extras": {
      "version": "5.1.1",
      "resolved": "https://registry.npmjs.org/@pixi/mesh-extras/-/mesh-extras-5.1.1.tgz",
      "integrity": "sha512-q4vA/P1oD6MxL8+zSLlt0r1Id+RHP4+dDlv3BjPxURWX1ts1fDgvZSJ0L/ASD2dmmNTmo55uWEldOmABruM/4w==",
      "requires": {
        "@pixi/constants": "^5.1.0",
        "@pixi/core": "^5.1.1",
        "@pixi/math": "^5.1.0",
        "@pixi/mesh": "^5.1.1",
        "@pixi/utils": "^5.1.1"
      }
    },
    "@pixi/mixin-cache-as-bitmap": {
      "version": "5.1.1",
      "resolved": "https://registry.npmjs.org/@pixi/mixin-cache-as-bitmap/-/mixin-cache-as-bitmap-5.1.1.tgz",
      "integrity": "sha512-GutRDQWE2Otrck77A2w+Ye+PswRSDnLJjQq/qiEoVeGAQKo9dU1gJSMK1G1FJHseWlWJ7v7Q3+S2IgX0dd3LEQ==",
      "requires": {
        "@pixi/core": "^5.1.1",
        "@pixi/display": "^5.1.1",
        "@pixi/math": "^5.1.0",
        "@pixi/settings": "^5.1.1",
        "@pixi/sprite": "^5.1.1",
        "@pixi/utils": "^5.1.1"
      }
    },
    "@pixi/mixin-get-child-by-name": {
      "version": "5.1.1",
      "resolved": "https://registry.npmjs.org/@pixi/mixin-get-child-by-name/-/mixin-get-child-by-name-5.1.1.tgz",
      "integrity": "sha512-qngni3HosiAN7rjxZVQk01SqHOLsu6qZgvPi6JQDpolD8LqedjkL9c+vMVZWLJ8QkQ/fJJHJEx7zGNF4EONBIw==",
      "requires": {
        "@pixi/display": "^5.1.1"
      }
    },
    "@pixi/mixin-get-global-position": {
      "version": "5.1.1",
      "resolved": "https://registry.npmjs.org/@pixi/mixin-get-global-position/-/mixin-get-global-position-5.1.1.tgz",
      "integrity": "sha512-qvGhCDdiq4apDNDr9E9el7d15JPD/pPSIWwI90sF9ljU/NRTQPH80GmFwF8+Z4XJry+B/6lm9tRMN0hlMGQGZg==",
      "requires": {
        "@pixi/display": "^5.1.1",
        "@pixi/math": "^5.1.0"
      }
    },
    "@pixi/particles": {
      "version": "5.1.1",
      "resolved": "https://registry.npmjs.org/@pixi/particles/-/particles-5.1.1.tgz",
      "integrity": "sha512-VcllFyxeAKkpzLqhSs/WSSKgxdBVdvwX5Lk99KtUhL7LN2u6pThSbMHLe7iqGIdzj4wSwhzi9PrkmKrkFdJMaw==",
      "requires": {
        "@pixi/constants": "^5.1.0",
        "@pixi/core": "^5.1.1",
        "@pixi/display": "^5.1.1",
        "@pixi/math": "^5.1.0",
        "@pixi/utils": "^5.1.1"
      }
    },
    "@pixi/polyfill": {
      "version": "5.1.0",
      "resolved": "https://registry.npmjs.org/@pixi/polyfill/-/polyfill-5.1.0.tgz",
      "integrity": "sha512-8M3nYCO0a599fsdLW7wv9SBYriMqS1QckKAkRuN2JualRuK/GjxZjm5Vcbcwc1gGONRUKZroH12CuPyTcU2HnQ==",
      "requires": {
        "es6-promise-polyfill": "^1.2.0",
        "object-assign": "^4.1.1"
      }
    },
    "@pixi/prepare": {
      "version": "5.1.1",
      "resolved": "https://registry.npmjs.org/@pixi/prepare/-/prepare-5.1.1.tgz",
      "integrity": "sha512-QPtxtTtw9GGf6OSX25yYkAADq3mC8E8C9R0TrNIu/76kyV2DVxOMKACgy7TJfndkiQnMglME1RjPxT31TVqI/Q==",
      "requires": {
        "@pixi/core": "^5.1.1",
        "@pixi/display": "^5.1.1",
        "@pixi/graphics": "^5.1.1",
        "@pixi/settings": "^5.1.1",
        "@pixi/text": "^5.1.1",
        "@pixi/ticker": "^5.1.1"
      }
    },
    "@pixi/runner": {
      "version": "5.1.1",
      "resolved": "https://registry.npmjs.org/@pixi/runner/-/runner-5.1.1.tgz",
      "integrity": "sha512-cOkWsRZlEgOB4IuiUW0PvU0JDMNpNTtyLeECg4DwIDYW4uQ0033zaZFSsN0EOeX0TFkpBmaJsgEIwpmw32VU0w=="
    },
    "@pixi/settings": {
      "version": "5.1.1",
      "resolved": "https://registry.npmjs.org/@pixi/settings/-/settings-5.1.1.tgz",
      "integrity": "sha512-PyK/kofKwaCXFfi0mNi4FNwH/jQjBnfRi3kyoR3K7rTiWK4gyn/tuCbAGWxzYyutUos6JrYd4gPDcHHYboJO6g==",
      "requires": {
        "ismobilejs": "^0.5.1"
      }
    },
    "@pixi/sprite": {
      "version": "5.1.1",
      "resolved": "https://registry.npmjs.org/@pixi/sprite/-/sprite-5.1.1.tgz",
      "integrity": "sha512-LEPNODkvMU/zSl8o1mU0KIRsMU6yaMNEEBPAEj7uQ6RGqcUNYQQ1pzOHEbOIjRdfUqJQVD1iC68PAUZ0V2fpSw==",
      "requires": {
        "@pixi/constants": "^5.1.0",
        "@pixi/core": "^5.1.1",
        "@pixi/display": "^5.1.1",
        "@pixi/math": "^5.1.0",
        "@pixi/settings": "^5.1.1",
        "@pixi/utils": "^5.1.1"
      }
    },
    "@pixi/sprite-animated": {
      "version": "5.1.1",
      "resolved": "https://registry.npmjs.org/@pixi/sprite-animated/-/sprite-animated-5.1.1.tgz",
      "integrity": "sha512-X7XeywqokF7QYzvYA3lwi7Et+zAoZqMFnP4rcerdBRvhcS+Z8fdvx/ApXXPfTcObgoSV8urZ95Gu7btPkmed2w==",
      "requires": {
        "@pixi/core": "^5.1.1",
        "@pixi/sprite": "^5.1.1",
        "@pixi/ticker": "^5.1.1"
      }
    },
    "@pixi/sprite-tiling": {
      "version": "5.1.1",
      "resolved": "https://registry.npmjs.org/@pixi/sprite-tiling/-/sprite-tiling-5.1.1.tgz",
      "integrity": "sha512-8M1NBFMalHtvhUvvFxb8Lzqf3pjLzCREI0pNlqgV7SfK18zyVsc20kN8tCeo6s9YZUfWpnWwxhArmeWkmaOntw==",
      "requires": {
        "@pixi/constants": "^5.1.0",
        "@pixi/core": "^5.1.1",
        "@pixi/display": "^5.1.1",
        "@pixi/math": "^5.1.0",
        "@pixi/sprite": "^5.1.1",
        "@pixi/utils": "^5.1.1"
      }
    },
    "@pixi/spritesheet": {
      "version": "5.1.1",
      "resolved": "https://registry.npmjs.org/@pixi/spritesheet/-/spritesheet-5.1.1.tgz",
      "integrity": "sha512-mgq+fXUJJbO3DyqVumoUKefiWxPIGKTvQBmv+h2GRWeaXPUi/73glctA1qvHQXieAwkRTBUKvlABIq/o5qGSyg==",
      "requires": {
        "@pixi/core": "^5.1.1",
        "@pixi/loaders": "^5.1.1",
        "@pixi/math": "^5.1.0",
        "@pixi/utils": "^5.1.1"
      }
    },
    "@pixi/text": {
      "version": "5.1.1",
      "resolved": "https://registry.npmjs.org/@pixi/text/-/text-5.1.1.tgz",
      "integrity": "sha512-llElEEpgYMvgqfchN5oT3M4vSYn77mXNHyCZena9M6mUpZ8VaYUxSSfMt6K5LLElnoQdW+f/t6XvbVh8ZMwk3A==",
      "requires": {
        "@pixi/core": "^5.1.1",
        "@pixi/math": "^5.1.0",
        "@pixi/settings": "^5.1.1",
        "@pixi/sprite": "^5.1.1",
        "@pixi/utils": "^5.1.1"
      }
    },
    "@pixi/text-bitmap": {
      "version": "5.1.1",
      "resolved": "https://registry.npmjs.org/@pixi/text-bitmap/-/text-bitmap-5.1.1.tgz",
      "integrity": "sha512-UuKzL7fxh2Z2s+Iop2Qq9rg6zfqElRSjF+JB/cGpvoQCxTGMAmlqy54YZnm+lHdSjQ2qOQO0ulA5dMlFVEEPHg==",
      "requires": {
        "@pixi/core": "^5.1.1",
        "@pixi/display": "^5.1.1",
        "@pixi/loaders": "^5.1.1",
        "@pixi/math": "^5.1.0",
        "@pixi/settings": "^5.1.1",
        "@pixi/sprite": "^5.1.1",
        "@pixi/utils": "^5.1.1"
      }
    },
    "@pixi/ticker": {
      "version": "5.1.1",
      "resolved": "https://registry.npmjs.org/@pixi/ticker/-/ticker-5.1.1.tgz",
      "integrity": "sha512-eUitqmwTZAialK7yXLwva/L+VHVix2mi2vvsOj5LxUo2wS32ftnjv4Etd+Gh2QCatX6P3fFowW7v2+jxjqIkPA==",
      "requires": {
        "@pixi/settings": "^5.1.1"
      }
    },
    "@pixi/utils": {
      "version": "5.1.1",
      "resolved": "https://registry.npmjs.org/@pixi/utils/-/utils-5.1.1.tgz",
      "integrity": "sha512-43loetwAhyzhpqrIdekKLR/rAkNJqvs22jHZVUdPVCU/wYeD7Tkvbg/D36/x8zQ3f0DgF2vtKaO3QAcaVyHOlQ==",
      "requires": {
        "@pixi/constants": "^5.1.0",
        "@pixi/settings": "^5.1.1",
        "earcut": "^2.1.5",
        "eventemitter3": "^3.1.0",
        "url": "^0.11.0"
      }
    },
    "d-path-parser": {
      "version": "1.0.0",
      "resolved": "https://registry.npmjs.org/d-path-parser/-/d-path-parser-1.0.0.tgz",
      "integrity": "sha1-h7+0G0TFWWK0775doxUCte6LCrc="
    },
    "earcut": {
      "version": "2.1.5",
      "resolved": "https://registry.npmjs.org/earcut/-/earcut-2.1.5.tgz",
      "integrity": "sha512-QFWC7ywTVLtvRAJTVp8ugsuuGQ5mVqNmJ1cRYeLrSHgP3nycr2RHTJob9OtM0v8ujuoKN0NY1a93J/omeTL1PA=="
    },
    "es6-promise-polyfill": {
      "version": "1.2.0",
      "resolved": "https://registry.npmjs.org/es6-promise-polyfill/-/es6-promise-polyfill-1.2.0.tgz",
      "integrity": "sha1-84kl8jyz4+jObNqP93T867sJDN4="
    },
    "eventemitter3": {
      "version": "3.1.2",
      "resolved": "https://registry.npmjs.org/eventemitter3/-/eventemitter3-3.1.2.tgz",
      "integrity": "sha512-tvtQIeLVHjDkJYnzf2dgVMxfuSGJeM/7UCG17TT4EumTfNtF+0nebF/4zWOIkCreAbtNqhGEboB6BWrwqNaw4Q=="
    },
    "ismobilejs": {
      "version": "0.5.2",
      "resolved": "https://registry.npmjs.org/ismobilejs/-/ismobilejs-0.5.2.tgz",
      "integrity": "sha512-ta9UdV60xVZk/ZafFtSFslQaE76SvNkcs1r73d2PVR21zVzx9xuYv9tNe4MxA1NN7WoeCc2RjGot3Bz1eHDx3Q=="
    },
    "mini-signals": {
      "version": "1.2.0",
      "resolved": "https://registry.npmjs.org/mini-signals/-/mini-signals-1.2.0.tgz",
      "integrity": "sha1-RbCAE8X65RokqhqTXNMXye1yHXQ="
    },
    "object-assign": {
      "version": "4.1.1",
      "resolved": "https://registry.npmjs.org/object-assign/-/object-assign-4.1.1.tgz",
      "integrity": "sha1-IQmtx5ZYh8/AXLvUQsrIv7s2CGM="
    },
    "parse-uri": {
      "version": "1.0.0",
      "resolved": "https://registry.npmjs.org/parse-uri/-/parse-uri-1.0.0.tgz",
      "integrity": "sha1-KHLcwi8aeXrN4Vg9igrClVLdrCA="
    },
    "pixi.js": {
      "version": "5.1.1",
      "resolved": "https://registry.npmjs.org/pixi.js/-/pixi.js-5.1.1.tgz",
      "integrity": "sha512-KfRTPxzTkCP19+quK68vPxjv0qcrgaHVKXjwKiA7uKVCZtfVcodfIlRtw048AsDRAKxQYrcipcg7RLXq2KGAzw==",
      "requires": {
        "@pixi/accessibility": "^5.1.1",
        "@pixi/app": "^5.1.1",
        "@pixi/constants": "^5.1.0",
        "@pixi/core": "^5.1.1",
        "@pixi/display": "^5.1.1",
        "@pixi/extract": "^5.1.1",
        "@pixi/filter-alpha": "^5.1.1",
        "@pixi/filter-blur": "^5.1.1",
        "@pixi/filter-color-matrix": "^5.1.1",
        "@pixi/filter-displacement": "^5.1.1",
        "@pixi/filter-fxaa": "^5.1.1",
        "@pixi/filter-noise": "^5.1.1",
        "@pixi/graphics": "^5.1.1",
        "@pixi/interaction": "^5.1.1",
        "@pixi/loaders": "^5.1.1",
        "@pixi/math": "^5.1.0",
        "@pixi/mesh": "^5.1.1",
        "@pixi/mesh-extras": "^5.1.1",
        "@pixi/mixin-cache-as-bitmap": "^5.1.1",
        "@pixi/mixin-get-child-by-name": "^5.1.1",
        "@pixi/mixin-get-global-position": "^5.1.1",
        "@pixi/particles": "^5.1.1",
        "@pixi/polyfill": "^5.1.0",
        "@pixi/prepare": "^5.1.1",
        "@pixi/runner": "^5.1.1",
        "@pixi/settings": "^5.1.1",
        "@pixi/sprite": "^5.1.1",
        "@pixi/sprite-animated": "^5.1.1",
        "@pixi/sprite-tiling": "^5.1.1",
        "@pixi/spritesheet": "^5.1.1",
        "@pixi/text": "^5.1.1",
        "@pixi/text-bitmap": "^5.1.1",
        "@pixi/ticker": "^5.1.1",
        "@pixi/utils": "^5.1.1"
      }
    },
    "punycode": {
      "version": "1.3.2",
      "resolved": "https://registry.npmjs.org/punycode/-/punycode-1.3.2.tgz",
      "integrity": "sha1-llOgNvt8HuQjQvIyXM7v6jkmxI0="
    },
    "querystring": {
      "version": "0.2.0",
      "resolved": "https://registry.npmjs.org/querystring/-/querystring-0.2.0.tgz",
      "integrity": "sha1-sgmEkgO7Jd+CDadW50cAWHhSFiA="
    },
    "resource-loader": {
      "version": "3.0.1",
      "resolved": "https://registry.npmjs.org/resource-loader/-/resource-loader-3.0.1.tgz",
      "integrity": "sha512-fBuCRbEHdLCI1eglzQhUv9Rrdcmqkydr1r6uHE2cYHvRBrcLXeSmbE/qI/urFt8rPr/IGxir3BUwM5kUK8XoyA==",
      "requires": {
        "mini-signals": "^1.2.0",
        "parse-uri": "^1.0.0"
      }
    },
    "tinycolor2": {
      "version": "1.4.1",
      "resolved": "https://registry.npmjs.org/tinycolor2/-/tinycolor2-1.4.1.tgz",
      "integrity": "sha1-9PrTM0R7wLB9TcjpIJ2POaisd+g="
    },
    "url": {
      "version": "0.11.0",
      "resolved": "https://registry.npmjs.org/url/-/url-0.11.0.tgz",
      "integrity": "sha1-ODjpfPxgUh63PFJajlW/3Z4uKPE=",
      "requires": {
        "punycode": "1.3.2",
        "querystring": "0.2.0"
      }
    }
  }
}
